
Microsoft Visual Studio Solution File, Format Version 12.00
# Visual Studio Version 16
VisualStudioVersion = 16.0.31005.135
MinimumVisualStudioVersion = 10.0.40219.1
Project("{FAE04EC0-301F-11D3-BF4B-00C04F79EFBC}") = "AtividadeFinalTAP", "AtividadeFinalTAP\AtividadeFinalTAP.csproj", "{5A1B30C0-9CB5-4E71-9E98-AA1576E76830}"
EndProject
Global
	GlobalSection(SolutionConfigurationPlatforms) = preSolution
		Debug|Any CPU = Debug|Any CPU
		Release|Any CPU = Release|Any CPU
	EndGlobalSection
	GlobalSection(ProjectConfigurationPlatforms) = postSolution
		{5A1B30C0-9CB5-4E71-9E98-AA1576E76830}.Debug|Any CPU.ActiveCfg = Debug|Any CPU
		{5A1B30C0-9CB5-4E71-9E98-AA1576E76830}.Debug|Any CPU.Build.0 = Debug|Any CPU
		{5A1B30C0-9CB5-4E71-9E98-AA1576E76830}.Release|Any CPU.ActiveCfg = Release|Any CPU
		{5A1B30C0-9CB5-4E71-9E98-AA1576E76830}.Release|Any CPU.Build.0 = Release|Any CPU
	EndGlobalSection
	GlobalSection(SolutionProperties) = preSolution
		HideSolutionNode = FALSE
	EndGlobalSection
	GlobalSection(ExtensibilityGlobals) = postSolution
		SolutionGuid = {2371B484-3BDA-4552-84A4-D304C66F7CEF}
	EndGlobalSection
EndGlobal
